
Microsoft Visual Studio Solution File, Format Version 12.00
# Visual Studio 15
VisualStudioVersion = 15.0.28307.106
MinimumVisualStudioVersion = 10.0.40219.1
Project("{FAE04EC0-301F-11D3-BF4B-00C04F79EFBC}") = "FarrierClientManager.Android", "FarrierClientManager\FarrierClientManager.Android\FarrierClientManager.Android.csproj", "{24FA2F5A-F9CD-4C60-8A26-0CCF93F45825}"
EndProject
Project("{FAE04EC0-301F-11D3-BF4B-00C04F79EFBC}") = "FarrierClientManager.iOS", "FarrierClientManager\FarrierClientManager.iOS\FarrierClientManager.iOS.csproj", "{7BFCC824-DE64-42F0-BFD8-E35ED9BB451A}"
EndProject
Project("{FAE04EC0-301F-11D3-BF4B-00C04F79EFBC}") = "FarrierClientManager", "FarrierClientManager\FarrierClientManager\FarrierClientManager.csproj", "{B067F15F-C6DD-4003-A70A-33C055DFA262}"
EndProject
Global
	GlobalSection(SolutionConfigurationPlatforms) = preSolution
		Ad-Hoc|Any CPU = Ad-Hoc|Any CPU
		Ad-Hoc|iPhone = Ad-Hoc|iPhone
		Ad-Hoc|iPhoneSimulator = Ad-Hoc|iPhoneSimulator
		AppStore|Any CPU = AppStore|Any CPU
		AppStore|iPhone = AppStore|iPhone
		AppStore|iPhoneSimulator = AppStore|iPhoneSimulator
		Debug|Any CPU = Debug|Any CPU
		Debug|iPhone = Debug|iPhone
		Debug|iPhoneSimulator = Debug|iPhoneSimulator
		Release|Any CPU = Release|Any CPU
		Release|iPhone = Release|iPhone
		Release|iPhoneSimulator = Release|iPhoneSimulator
	EndGlobalSection
	GlobalSection(ProjectConfigurationPlatforms) = postSolution
		{24FA2F5A-F9CD-4C60-8A26-0CCF93F45825}.Ad-Hoc|Any CPU.ActiveCfg = Release|Any CPU
		{24FA2F5A-F9CD-4C60-8A26-0CCF93F45825}.Ad-Hoc|Any CPU.Build.0 = Release|Any CPU
		{24FA2F5A-F9CD-4C60-8A26-0CCF93F45825}.Ad-Hoc|Any CPU.Deploy.0 = Release|Any CPU
		{24FA2F5A-F9CD-4C60-8A26-0CCF93F45825}.Ad-Hoc|iPhone.ActiveCfg = Release|Any CPU
		{24FA2F5A-F9CD-4C60-8A26-0CCF93F45825}.Ad-Hoc|iPhone.Build.0 = Release|Any CPU
		{24FA2F5A-F9CD-4C60-8A26-0CCF93F45825}.Ad-Hoc|iPhone.Deploy.0 = Release|Any CPU
		{24FA2F5A-F9CD-4C60-8A26-0CCF93F45825}.Ad-Hoc|iPhoneSimulator.ActiveCfg = Release|Any CPU
		{24FA2F5A-F9CD-4C60-8A26-0CCF93F45825}.Ad-Hoc|iPhoneSimulator.Build.0 = Release|Any CPU
		{24FA2F5A-F9CD-4C60-8A26-0CCF93F45825}.Ad-Hoc|iPhoneSimulator.Deploy.0 = Release|Any CPU
		{24FA2F5A-F9CD-4C60-8A26-0CCF93F45825}.AppStore|Any CPU.ActiveCfg = Release|Any CPU
		{24FA2F5A-F9CD-4C60-8A26-0CCF93F45825}.AppStore|Any CPU.Build.0 = Release|Any CPU
		{24FA2F5A-F9CD-4C60-8A26-0CCF93F45825}.AppStore|Any CPU.Deploy.0 = Release|Any CPU
		{24FA2F5A-F9CD-4C60-8A26-0CCF93F45825}.AppStore|iPhone.ActiveCfg = Release|Any CPU
		{24FA2F5A-F9CD-4C60-8A26-0CCF93F45825}.AppStore|iPhone.Build.0 = Release|Any CPU
		{24FA2F5A-F9CD-4C60-8A26-0CCF93F45825}.AppStore|iPhone.Deploy.0 = Release|Any CPU
		{24FA2F5A-F9CD-4C60-8A26-0CCF93F45825}.AppStore|iPhoneSimulator.ActiveCfg = Release|Any CPU
		{24FA2F5A-F9CD-4C60-8A26-0CCF93F45825}.AppStore|iPhoneSimulator.Build.0 = Release|Any CPU
		{24FA2F5A-F9CD-4C60-8A26-0CCF93F45825}.AppStore|iPhoneSimulator.Deploy.0 = Release|Any CPU
		{24FA2F5A-F9CD-4C60-8A26-0CCF93F45825}.Debug|Any CPU.ActiveCfg = Debug|Any CPU
		{24FA2F5A-F9CD-4C60-8A26-0CCF93F45825}.Debug|Any CPU.Build.0 = Debug|Any CPU
		{24FA2F5A-F9CD-4C60-8A26-0CCF93F45825}.Debug|Any CPU.Deploy.0 = Debug|Any CPU
		{24FA2F5A-F9CD-4C60-8A26-0CCF93F45825}.Debug|iPhone.ActiveCfg = Debug|Any CPU
		{24FA2F5A-F9CD-4C60-8A26-0CCF93F45825}.Debug|iPhone.Build.0 = Debug|Any CPU
		{24FA2F5A-F9CD-4C60-8A26-0CCF93F45825}.Debug|iPhone.Deploy.0 = Debug|Any CPU
		{24FA2F5A-F9CD-4C60-8A26-0CCF93F45825}.Debug|iPhoneSimulator.ActiveCfg = Debug|Any CPU
		{24FA2F5A-F9CD-4C60-8A26-0CCF93F45825}.Debug|iPhoneSimulator.Build.0 = Debug|Any CPU
		{24FA2F5A-F9CD-4C60-8A26-0CCF93F45825}.Debug|iPhoneSimulator.Deploy.0 = Debug|Any CPU
		{24FA2F5A-F9CD-4C60-8A26-0CCF93F45825}.Release|Any CPU.ActiveCfg = Release|Any CPU
		{24FA2F5A-F9CD-4C60-8A26-0CCF93F45825}.Release|Any CPU.Build.0 = Release|Any CPU
		{24FA2F5A-F9CD-4C60-8A26-0CCF93F45825}.Release|Any CPU.Deploy.0 = Release|Any CPU
		{24FA2F5A-F9CD-4C60-8A26-0CCF93F45825}.Release|iPhone.ActiveCfg = Release|Any CPU
		{24FA2F5A-F9CD-4C60-8A26-0CCF93F45825}.Release|iPhone.Build.0 = Release|Any CPU
		{24FA2F5A-F9CD-4C60-8A26-0CCF93F45825}.Release|iPhone.Deploy.0 = Release|Any CPU
		{24FA2F5A-F9CD-4C60-8A26-0CCF93F45825}.Release|iPhoneSimulator.ActiveCfg = Release|Any CPU
		{24FA2F5A-F9CD-4C60-8A26-0CCF93F45825}.Release|iPhoneSimulator.Build.0 = Release|Any CPU
		{24FA2F5A-F9CD-4C60-8A26-0CCF93F45825}.Release|iPhoneSimulator.Deploy.0 = Release|Any CPU
		{7BFCC824-DE64-42F0-BFD8-E35ED9BB451A}.Ad-Hoc|Any CPU.ActiveCfg = Ad-Hoc|iPhone
		{7BFCC824-DE64-42F0-BFD8-E35ED9BB451A}.Ad-Hoc|Any CPU.Build.0 = Ad-Hoc|iPhone
		{7BFCC824-DE64-42F0-BFD8-E35ED9BB451A}.Ad-Hoc|Any CPU.Deploy.0 = Ad-Hoc|iPhone
		{7BFCC824-DE64-42F0-BFD8-E35ED9BB451A}.Ad-Hoc|iPhone.ActiveCfg = Ad-Hoc|iPhone
		{7BFCC824-DE64-42F0-BFD8-E35ED9BB451A}.Ad-Hoc|iPhone.Build.0 = Ad-Hoc|iPhone
		{7BFCC824-DE64-42F0-BFD8-E35ED9BB451A}.Ad-Hoc|iPhone.Deploy.0 = Ad-Hoc|iPhone
		{7BFCC824-DE64-42F0-BFD8-E35ED9BB451A}.Ad-Hoc|iPhoneSimulator.ActiveCfg = Ad-Hoc|iPhoneSimulator
		{7BFCC824-DE64-42F0-BFD8-E35ED9BB451A}.Ad-Hoc|iPhoneSimulator.Build.0 = Ad-Hoc|iPhoneSimulator
		{7BFCC824-DE64-42F0-BFD8-E35ED9BB451A}.Ad-Hoc|iPhoneSimulator.Deploy.0 = Ad-Hoc|iPhoneSimulator
		{7BFCC824-DE64-42F0-BFD8-E35ED9BB451A}.AppStore|Any CPU.ActiveCfg = AppStore|iPhone
		{7BFCC824-DE64-42F0-BFD8-E35ED9BB451A}.AppStore|Any CPU.Build.0 = AppStore|iPhone
		{7BFCC824-DE64-42F0-BFD8-E35ED9BB451A}.AppStore|Any CPU.Deploy.0 = AppStore|iPhone
		{7BFCC824-DE64-42F0-BFD8-E35ED9BB451A}.AppStore|iPhone.ActiveCfg = AppStore|iPhone
		{7BFCC824-DE64-42F0-BFD8-E35ED9BB451A}.AppStore|iPhone.Build.0 = AppStore|iPhone
		{7BFCC824-DE64-42F0-BFD8-E35ED9BB451A}.AppStore|iPhone.Deploy.0 = AppStore|iPhone
		{7BFCC824-DE64-42F0-BFD8-E35ED9BB451A}.AppStore|iPhoneSimulator.ActiveCfg = AppStore|iPhoneSimulator
		{7BFCC824-DE64-42F0-BFD8-E35ED9BB451A}.AppStore|iPhoneSimulator.Build.0 = AppStore|iPhoneSimulator
		{7BFCC824-DE64-42F0-BFD8-E35ED9BB451A}.AppStore|iPhoneSimulator.Deploy.0 = AppStore|iPhoneSimulator
		{7BFCC824-DE64-42F0-BFD8-E35ED9BB451A}.Debug|Any CPU.ActiveCfg = Debug|iPhoneSimulator
		{7BFCC824-DE64-42F0-BFD8-E35ED9BB451A}.Debug|Any CPU.Build.0 = Debug|iPhoneSimulator
		{7BFCC824-DE64-42F0-BFD8-E35ED9BB451A}.Debug|Any CPU.Deploy.0 = Debug|iPhoneSimulator
		{7BFCC824-DE64-42F0-BFD8-E35ED9BB451A}.Debug|iPhone.ActiveCfg = Debug|iPhone
		{7BFCC824-DE64-42F0-BFD8-E35ED9BB451A}.Debug|iPhone.Build.0 = Debug|iPhone
		{7BFCC824-DE64-42F0-BFD8-E35ED9BB451A}.Debug|iPhone.Deploy.0 = Debug|iPhone
		{7BFCC824-DE64-42F0-BFD8-E35ED9BB451A}.Debug|iPhoneSimulator.ActiveCfg = Debug|iPhoneSimulator
		{7BFCC824-DE64-42F0-BFD8-E35ED9BB451A}.Debug|iPhoneSimulator.Build.0 = Debug|iPhoneSimulator
		{7BFCC824-DE64-42F0-BFD8-E35ED9BB451A}.Debug|iPhoneSimulator.Deploy.0 = Debug|iPhoneSimulator
		{7BFCC824-DE64-42F0-BFD8-E35ED9BB451A}.Release|Any CPU.ActiveCfg = Release|iPhone
		{7BFCC824-DE64-42F0-BFD8-E35ED9BB451A}.Release|Any CPU.Build.0 = Release|iPhone
		{7BFCC824-DE64-42F0-BFD8-E35ED9BB451A}.Release|Any CPU.Deploy.0 = Release|iPhone
		{7BFCC824-DE64-42F0-BFD8-E35ED9BB451A}.Release|iPhone.ActiveCfg = Release|iPhone
		{7BFCC824-DE64-42F0-BFD8-E35ED9BB451A}.Release|iPhone.Build.0 = Release|iPhone
		{7BFCC824-DE64-42F0-BFD8-E35ED9BB451A}.Release|iPhone.Deploy.0 = Release|iPhone
		{7BFCC824-DE64-42F0-BFD8-E35ED9BB451A}.Release|iPhoneSimulator.ActiveCfg = Release|iPhoneSimulator
		{7BFCC824-DE64-42F0-BFD8-E35ED9BB451A}.Release|iPhoneSimulator.Build.0 = Release|iPhoneSimulator
		{7BFCC824-DE64-42F0-BFD8-E35ED9BB451A}.Release|iPhoneSimulator.Deploy.0 = Release|iPhoneSimulator
		{B067F15F-C6DD-4003-A70A-33C055DFA262}.Ad-Hoc|Any CPU.ActiveCfg = Debug|Any CPU
		{B067F15F-C6DD-4003-A70A-33C055DFA262}.Ad-Hoc|Any CPU.Build.0 = Debug|Any CPU
		{B067F15F-C6DD-4003-A70A-33C055DFA262}.Ad-Hoc|Any CPU.Deploy.0 = Debug|Any CPU
		{B067F15F-C6DD-4003-A70A-33C055DFA262}.Ad-Hoc|iPhone.ActiveCfg = Debug|Any CPU
		{B067F15F-C6DD-4003-A70A-33C055DFA262}.Ad-Hoc|iPhone.Build.0 = Debug|Any CPU
		{B067F15F-C6DD-4003-A70A-33C055DFA262}.Ad-Hoc|iPhone.Deploy.0 = Debug|Any CPU
		{B067F15F-C6DD-4003-A70A-33C055DFA262}.Ad-Hoc|iPhoneSimulator.ActiveCfg = Debug|Any CPU
		{B067F15F-C6DD-4003-A70A-33C055DFA262}.Ad-Hoc|iPhoneSimulator.Build.0 = Debug|Any CPU
		{B067F15F-C6DD-4003-A70A-33C055DFA262}.Ad-Hoc|iPhoneSimulator.Deploy.0 = Debug|Any CPU
		{B067F15F-C6DD-4003-A70A-33C055DFA262}.AppStore|Any CPU.ActiveCfg = Debug|Any CPU
		{B067F15F-C6DD-4003-A70A-33C055DFA262}.AppStore|Any CPU.Build.0 = Debug|Any CPU
		{B067F15F-C6DD-4003-A70A-33C055DFA262}.AppStore|Any CPU.Deploy.0 = Debug|Any CPU
		{B067F15F-C6DD-4003-A70A-33C055DFA262}.AppStore|iPhone.ActiveCfg = Debug|Any CPU
		{B067F15F-C6DD-4003-A70A-33C055DFA262}.AppStore|iPhone.Build.0 = Debug|Any CPU
		{B067F15F-C6DD-4003-A70A-33C055DFA262}.AppStore|iPhone.Deploy.0 = Debug|Any CPU
		{B067F15F-C6DD-4003-A70A-33C055DFA262}.AppStore|iPhoneSimulator.ActiveCfg = Debug|Any CPU
		{B067F15F-C6DD-4003-A70A-33C055DFA262}.AppStore|iPhoneSimulator.Build.0 = Debug|Any CPU
		{B067F15F-C6DD-4003-A70A-33C055DFA262}.AppStore|iPhoneSimulator.Deploy.0 = Debug|Any CPU
		{B067F15F-C6DD-4003-A70A-33C055DFA262}.Debug|Any CPU.ActiveCfg = Debug|Any CPU
		{B067F15F-C6DD-4003-A70A-33C055DFA262}.Debug|Any CPU.Build.0 = Debug|Any CPU
		{B067F15F-C6DD-4003-A70A-33C055DFA262}.Debug|Any CPU.Deploy.0 = Debug|Any CPU
		{B067F15F-C6DD-4003-A70A-33C055DFA262}.Debug|iPhone.ActiveCfg = Debug|Any CPU
		{B067F15F-C6DD-4003-A70A-33C055DFA262}.Debug|iPhone.Build.0 = Debug|Any CPU
		{B067F15F-C6DD-4003-A70A-33C055DFA262}.Debug|iPhone.Deploy.0 = Debug|Any CPU
		{B067F15F-C6DD-4003-A70A-33C055DFA262}.Debug|iPhoneSimulator.ActiveCfg = Debug|Any CPU
		{B067F15F-C6DD-4003-A70A-33C055DFA262}.Debug|iPhoneSimulator.Build.0 = Debug|Any CPU
		{B067F15F-C6DD-4003-A70A-33C055DFA262}.Debug|iPhoneSimulator.Deploy.0 = Debug|Any CPU
		{B067F15F-C6DD-4003-A70A-33C055DFA262}.Release|Any CPU.ActiveCfg = Release|Any CPU
		{B067F15F-C6DD-4003-A70A-33C055DFA262}.Release|Any CPU.Build.0 = Release|Any CPU
		{B067F15F-C6DD-4003-A70A-33C055DFA262}.Release|Any CPU.Deploy.0 = Release|Any CPU
		{B067F15F-C6DD-4003-A70A-33C055DFA262}.Release|iPhone.ActiveCfg = Release|Any CPU
		{B067F15F-C6DD-4003-A70A-33C055DFA262}.Release|iPhone.Build.0 = Release|Any CPU
		{B067F15F-C6DD-4003-A70A-33C055DFA262}.Release|iPhone.Deploy.0 = Release|Any CPU
		{B067F15F-C6DD-4003-A70A-33C055DFA262}.Release|iPhoneSimulator.ActiveCfg = Release|Any CPU
		{B067F15F-C6DD-4003-A70A-33C055DFA262}.Release|iPhoneSimulator.Build.0 = Release|Any CPU
		{B067F15F-C6DD-4003-A70A-33C055DFA262}.Release|iPhoneSimulator.Deploy.0 = Release|Any CPU
	EndGlobalSection
	GlobalSection(SolutionProperties) = preSolution
		HideSolutionNode = FALSE
	EndGlobalSection
	GlobalSection(ExtensibilityGlobals) = postSolution
		SolutionGuid = {7E04A1BA-6897-486E-B0F7-6E0143F52637}
	EndGlobalSection
EndGlobal
